// !$*UTF8*$!
{
	archiveVersion = 1;
	classes = {
	};
	objectVersion = 48;
	objects = {

/* Begin PBXBuildFile section */
		3A14BCB81FECA4F600102963 /* AppDelegate.swift in Sources */ = {isa = PBXBuildFile; fileRef = 3A14BCB71FECA4F600102963 /* AppDelegate.swift */; };
		3A14BCBA1FECA4F600102963 /* ViewController.swift in Sources */ = {isa = PBXBuildFile; fileRef = 3A14BCB91FECA4F600102963 /* ViewController.swift */; };
		3A14BCBD1FECA4F600102963 /* Main.storyboard in Resources */ = {isa = PBXBuildFile; fileRef = 3A14BCBB1FECA4F600102963 /* Main.storyboard */; };
		3A14BCBF1FECA4F600102963 /* Assets.xcassets in Resources */ = {isa = PBXBuildFile; fileRef = 3A14BCBE1FECA4F600102963 /* Assets.xcassets */; };
		3A14BCC21FECA4F600102963 /* LaunchScreen.storyboard in Resources */ = {isa = PBXBuildFile; fileRef = 3A14BCC01FECA4F600102963 /* LaunchScreen.storyboard */; };
		3A14BCCB1FECA74600102963 /* ZTPreviewView.swift in Sources */ = {isa = PBXBuildFile; fileRef = 3A14BCCA1FECA74600102963 /* ZTPreviewView.swift */; };
		3A14BCCD1FECDFC500102963 /* ZTCameraController.swift in Sources */ = {isa = PBXBuildFile; fileRef = 3A14BCCC1FECDFC500102963 /* ZTCameraController.swift */; };
		3A14BCD11FEE2B5B00102963 /* ZTCameraModeView.swift in Sources */ = {isa = PBXBuildFile; fileRef = 3A14BCD01FEE2B5B00102963 /* ZTCameraModeView.swift */; };
		3A85D41D1FEE391D004D9294 /* UIViewAdditions.swift in Sources */ = {isa = PBXBuildFile; fileRef = 3A85D41C1FEE391D004D9294 /* UIViewAdditions.swift */; };
		3A85D41F1FEE3DA9004D9294 /* ZTCaptureButton.swift in Sources */ = {isa = PBXBuildFile; fileRef = 3A85D41E1FEE3DA9004D9294 /* ZTCaptureButton.swift */; };
		3A85D4211FEE5B8F004D9294 /* ZTFlashContrrol.swift in Sources */ = {isa = PBXBuildFile; fileRef = 3A85D4201FEE5B8F004D9294 /* ZTFlashContrrol.swift */; };
		3A85D4231FF0976C004D9294 /* ZTStatusView.swift in Sources */ = {isa = PBXBuildFile; fileRef = 3A85D4221FF0976B004D9294 /* ZTStatusView.swift */; };
		3A85D4251FF09CC7004D9294 /* ZTOverlayView.swift in Sources */ = {isa = PBXBuildFile; fileRef = 3A85D4241FF09CC7004D9294 /* ZTOverlayView.swift */; };
		3AA4258E1FF0DCF500B445C3 /* NSFileManagerAdditions.swift in Sources */ = {isa = PBXBuildFile; fileRef = 3AA4258D1FF0DCF500B445C3 /* NSFileManagerAdditions.swift */; };
		3AA425911FF1E81500B445C3 /* ZTNotification.swift in Sources */ = {isa = PBXBuildFile; fileRef = 3AA425901FF1E81500B445C3 /* ZTNotification.swift */; };
/* End PBXBuildFile section */

/* Begin PBXFileReference section */
		3A14BCB41FECA4F600102963 /* ZTKamera.app */ = {isa = PBXFileReference; explicitFileType = wrapper.application; includeInIndex = 0; path = ZTKamera.app; sourceTree = BUILT_PRODUCTS_DIR; };
		3A14BCB71FECA4F600102963 /* AppDelegate.swift */ = {isa = PBXFileReference; lastKnownFileType = sourcecode.swift; path = AppDelegate.swift; sourceTree = "<group>"; };
		3A14BCB91FECA4F600102963 /* ViewController.swift */ = {isa = PBXFileReference; lastKnownFileType = sourcecode.swift; path = ViewController.swift; sourceTree = "<group>"; };
		3A14BCBC1FECA4F600102963 /* Base */ = {isa = PBXFileReference; lastKnownFileType = file.storyboard; name = Base; path = Base.lproj/Main.storyboard; sourceTree = "<group>"; };
		3A14BCBE1FECA4F600102963 /* Assets.xcassets */ = {isa = PBXFileReference; lastKnownFileType = folder.assetcatalog; path = Assets.xcassets; sourceTree = "<group>"; };
		3A14BCC11FECA4F600102963 /* Base */ = {isa = PBXFileReference; lastKnownFileType = file.storyboard; name = Base; path = Base.lproj/LaunchScreen.storyboard; sourceTree = "<group>"; };
		3A14BCC31FECA4F600102963 /* Info.plist */ = {isa = PBXFileReference; lastKnownFileType = text.plist.xml; path = Info.plist; sourceTree = "<group>"; };
		3A14BCCA1FECA74600102963 /* ZTPreviewView.swift */ = {isa = PBXFileReference; lastKnownFileType = sourcecode.swift; path = ZTPreviewView.swift; sourceTree = "<group>"; };
		3A14BCCC1FECDFC500102963 /* ZTCameraController.swift */ = {isa = PBXFileReference; lastKnownFileType = sourcecode.swift; path = ZTCameraController.swift; sourceTree = "<group>"; };
		3A14BCD01FEE2B5B00102963 /* ZTCameraModeView.swift */ = {isa = PBXFileReference; lastKnownFileType = sourcecode.swift; path = ZTCameraModeView.swift; sourceTree = "<group>"; };
		3A85D41C1FEE391D004D9294 /* UIViewAdditions.swift */ = {isa = PBXFileReference; lastKnownFileType = sourcecode.swift; path = UIViewAdditions.swift; sourceTree = "<group>"; };
		3A85D41E1FEE3DA9004D9294 /* ZTCaptureButton.swift */ = {isa = PBXFileReference; lastKnownFileType = sourcecode.swift; path = ZTCaptureButton.swift; sourceTree = "<group>"; };
		3A85D4201FEE5B8F004D9294 /* ZTFlashContrrol.swift */ = {isa = PBXFileReference; lastKnownFileType = sourcecode.swift; path = ZTFlashContrrol.swift; sourceTree = "<group>"; };
		3A85D4221FF0976B004D9294 /* ZTStatusView.swift */ = {isa = PBXFileReference; lastKnownFileType = sourcecode.swift; path = ZTStatusView.swift; sourceTree = "<group>"; };
		3A85D4241FF09CC7004D9294 /* ZTOverlayView.swift */ = {isa = PBXFileReference; lastKnownFileType = sourcecode.swift; path = ZTOverlayView.swift; sourceTree = "<group>"; };
		3AA4258D1FF0DCF500B445C3 /* NSFileManagerAdditions.swift */ = {isa = PBXFileReference; lastKnownFileType = sourcecode.swift; path = NSFileManagerAdditions.swift; sourceTree = "<group>"; };
		3AA425901FF1E81500B445C3 /* ZTNotification.swift */ = {isa = PBXFileReference; lastKnownFileType = sourcecode.swift; path = ZTNotification.swift; sourceTree = "<group>"; };
/* End PBXFileReference section */

/* Begin PBXFrameworksBuildPhase section */
		3A14BCB11FECA4F600102963 /* Frameworks */ = {
			isa = PBXFrameworksBuildPhase;
			buildActionMask = 2147483647;
			files = (
			);
			runOnlyForDeploymentPostprocessing = 0;
		};
/* End PBXFrameworksBuildPhase section */

/* Begin PBXGroup section */
		3A14BCAB1FECA4F600102963 = {
			isa = PBXGroup;
			children = (
				3A14BCB61FECA4F600102963 /* ZTKamera */,
				3A14BCB51FECA4F600102963 /* Products */,
			);
			sourceTree = "<group>";
		};
		3A14BCB51FECA4F600102963 /* Products */ = {
			isa = PBXGroup;
			children = (
				3A14BCB41FECA4F600102963 /* ZTKamera.app */,
			);
			name = Products;
			sourceTree = "<group>";
		};
		3A14BCB61FECA4F600102963 /* ZTKamera */ = {
			isa = PBXGroup;
			children = (
				3AA4258F1FF1E7DE00B445C3 /* extension */,
				3A14BCC91FECA71700102963 /* Views */,
				3A14BCB71FECA4F600102963 /* AppDelegate.swift */,
				3A14BCB91FECA4F600102963 /* ViewController.swift */,
				3A14BCCC1FECDFC500102963 /* ZTCameraController.swift */,
				3A14BCBB1FECA4F600102963 /* Main.storyboard */,
				3A14BCBE1FECA4F600102963 /* Assets.xcassets */,
				3A14BCC01FECA4F600102963 /* LaunchScreen.storyboard */,
				3A14BCC31FECA4F600102963 /* Info.plist */,
			);
			path = ZTKamera;
			sourceTree = "<group>";
		};
		3A14BCC91FECA71700102963 /* Views */ = {
			isa = PBXGroup;
			children = (
				3A14BCCA1FECA74600102963 /* ZTPreviewView.swift */,
				3A14BCD01FEE2B5B00102963 /* ZTCameraModeView.swift */,
				3A85D41E1FEE3DA9004D9294 /* ZTCaptureButton.swift */,
				3A85D4201FEE5B8F004D9294 /* ZTFlashContrrol.swift */,
				3A85D4221FF0976B004D9294 /* ZTStatusView.swift */,
				3A85D4241FF09CC7004D9294 /* ZTOverlayView.swift */,
			);
			path = Views;
			sourceTree = "<group>";
		};
		3AA4258F1FF1E7DE00B445C3 /* extension */ = {
			isa = PBXGroup;
			children = (
				3A85D41C1FEE391D004D9294 /* UIViewAdditions.swift */,
				3AA4258D1FF0DCF500B445C3 /* NSFileManagerAdditions.swift */,
				3AA425901FF1E81500B445C3 /* ZTNotification.swift */,
			);
			path = extension;
			sourceTree = "<group>";
		};
/* End PBXGroup section */

/* Begin PBXNativeTarget section */
		3A14BCB31FECA4F600102963 /* ZTKamera */ = {
			isa = PBXNativeTarget;
			buildConfigurationList = 3A14BCC61FECA4F600102963 /* Build configuration list for PBXNativeTarget "ZTKamera" */;
			buildPhases = (
				3A14BCB01FECA4F600102963 /* Sources */,
				3A14BCB11FECA4F600102963 /* Frameworks */,
				3A14BCB21FECA4F600102963 /* Resources */,
			);
			buildRules = (
			);
			dependencies = (
			);
			name = ZTKamera;
			productName = ZTKamera;
			productReference = 3A14BCB41FECA4F600102963 /* ZTKamera.app */;
			productType = "com.apple.product-type.application";
		};
/* End PBXNativeTarget section */

/* Begin PBXProject section */
		3A14BCAC1FECA4F600102963 /* Project object */ = {
			isa = PBXProject;
			attributes = {
				LastSwiftUpdateCheck = 0920;
				LastUpgradeCheck = 0920;
				ORGANIZATIONNAME = Tony.su;
				TargetAttributes = {
					3A14BCB31FECA4F600102963 = {
						CreatedOnToolsVersion = 9.2;
						ProvisioningStyle = Automatic;
					};
				};
			};
			buildConfigurationList = 3A14BCAF1FECA4F600102963 /* Build configuration list for PBXProject "ZTKamera" */;
			compatibilityVersion = "Xcode 8.0";
			developmentRegion = en;
			hasScannedForEncodings = 0;
			knownRegions = (
				en,
				Base,
			);
			mainGroup = 3A14BCAB1FECA4F600102963;
			productRefGroup = 3A14BCB51FECA4F600102963 /* Products */;
			projectDirPath = "";
			projectRoot = "";
			targets = (
				3A14BCB31FECA4F600102963 /* ZTKamera */,
			);
		};
/* End PBXProject section */

/* Begin PBXResourcesBuildPhase section */
		3A14BCB21FECA4F600102963 /* Resources */ = {
			isa = PBXResourcesBuildPhase;
			buildActionMask = 2147483647;
			files = (
				3A14BCC21FECA4F600102963 /* LaunchScreen.storyboard in Resources */,
				3A14BCBF1FECA4F600102963 /* Assets.xcassets in Resources */,
				3A14BCBD1FECA4F600102963 /* Main.storyboard in Resources */,
			);
			runOnlyForDeploymentPostprocessing = 0;
		};
/* End PBXResourcesBuildPhase section */

/* Begin PBXSourcesBuildPhase section */
		3A14BCB01FECA4F600102963 /* Sources */ = {
			isa = PBXSourcesBuildPhase;
			buildActionMask = 2147483647;
			files = (
				3AA425911FF1E81500B445C3 /* ZTNotification.swift in Sources */,
				3A85D41D1FEE391D004D9294 /* UIViewAdditions.swift in Sources */,
				3A14BCD11FEE2B5B00102963 /* ZTCameraModeView.swift in Sources */,
				3A85D41F1FEE3DA9004D9294 /* ZTCaptureButton.swift in Sources */,
				3A14BCCB1FECA74600102963 /* ZTPreviewView.swift in Sources */,
				3A14BCBA1FECA4F600102963 /* ViewController.swift in Sources */,
				3A85D4251FF09CC7004D9294 /* ZTOverlayView.swift in Sources */,
				3A14BCCD1FECDFC500102963 /* ZTCameraController.swift in Sources */,
				3A85D4231FF0976C004D9294 /* ZTStatusView.swift in Sources */,
				3AA4258E1FF0DCF500B445C3 /* NSFileManagerAdditions.swift in Sources */,
				3A14BCB81FECA4F600102963 /* AppDelegate.swift in Sources */,
				3A85D4211FEE5B8F004D9294 /* ZTFlashContrrol.swift in Sources */,
			);
			runOnlyForDeploymentPostprocessing = 0;
		};
/* End PBXSourcesBuildPhase section */

/* Begin PBXVariantGroup section */
		3A14BCBB1FECA4F600102963 /* Main.storyboard */ = {
			isa = PBXVariantGroup;
			children = (
				3A14BCBC1FECA4F600102963 /* Base */,
			);
			name = Main.storyboard;
			sourceTree = "<group>";
		};
		3A14BCC01FECA4F600102963 /* LaunchScreen.storyboard */ = {
			isa = PBXVariantGroup;
			children = (
				3A14BCC11FECA4F600102963 /* Base */,
			);
			name = LaunchScreen.storyboard;
			sourceTree = "<group>";
		};
/* End PBXVariantGroup section */

/* Begin XCBuildConfiguration section */
		3A14BCC41FECA4F600102963 /* Debug */ = {
			isa = XCBuildConfiguration;
			buildSettings = {
				ALWAYS_SEARCH_USER_PATHS = NO;
				CLANG_ANALYZER_NONNULL = YES;
				CLANG_ANALYZER_NUMBER_OBJECT_CONVERSION = YES_AGGRESSIVE;
				CLANG_CXX_LANGUAGE_STANDARD = "gnu++14";
				CLANG_CXX_LIBRARY = "libc++";
				CLANG_ENABLE_MODULES = YES;
				CLANG_ENABLE_OBJC_ARC = YES;
				CLANG_WARN_BLOCK_CAPTURE_AUTORELEASING = YES;
				CLANG_WARN_BOOL_CONVERSION = YES;
				CLANG_WARN_COMMA = YES;
				CLANG_WARN_CONSTANT_CONVERSION = YES;
				CLANG_WARN_DIRECT_OBJC_ISA_USAGE = YES_ERROR;
				CLANG_WARN_DOCUMENTATION_COMMENTS = YES;
				CLANG_WARN_EMPTY_BODY = YES;
				CLANG_WARN_ENUM_CONVERSION = YES;
				CLANG_WARN_INFINITE_RECURSION = YES;
				CLANG_WARN_INT_CONVERSION = YES;
				CLANG_WARN_NON_LITERAL_NULL_CONVERSION = YES;
				CLANG_WARN_OBJC_LITERAL_CONVERSION = YES;
				CLANG_WARN_OBJC_ROOT_CLASS = YES_ERROR;
				CLANG_WARN_RANGE_LOOP_ANALYSIS = YES;
				CLANG_WARN_STRICT_PROTOTYPES = YES;
				CLANG_WARN_SUSPICIOUS_MOVE = YES;
				CLANG_WARN_UNGUARDED_AVAILABILITY = YES_AGGRESSIVE;
				CLANG_WARN_UNREACHABLE_CODE = YES;
				CLANG_WARN__DUPLICATE_METHOD_MATCH = YES;
				CODE_SIGN_IDENTITY = "iPhone Developer";
				COPY_PHASE_STRIP = NO;
				DEBUG_INFORMATION_FORMAT = dwarf;
				ENABLE_STRICT_OBJC_MSGSEND = YES;
				ENABLE_TESTABILITY = YES;
				GCC_C_LANGUAGE_STANDARD = gnu11;
				GCC_DYNAMIC_NO_PIC = NO;
				GCC_NO_COMMON_BLOCKS = YES;
				GCC_OPTIMIZATION_LEVEL = 0;
				GCC_PREPROCESSOR_DEFINITIONS = (
					"DEBUG=1",
					"$(inherited)",
				);
				GCC_WARN_64_TO_32_BIT_CONVERSION = YES;
				GCC_WARN_ABOUT_RETURN_TYPE = YES_ERROR;
				GCC_WARN_UNDECLARED_SELECTOR = YES;
				GCC_WARN_UNINITIALIZED_AUTOS = YES_AGGRESSIVE;
				GCC_WARN_UNUSED_FUNCTION = YES;
				GCC_WARN_UNUSED_VARIABLE = YES;
				IPHONEOS_DEPLOYMENT_TARGET = 11.2;
				MTL_ENABLE_DEBUG_INFO = YES;
				ONLY_ACTIVE_ARCH = YES;
				SDKROOT = iphoneos;
				SWIFT_ACTIVE_COMPILATION_CONDITIONS = DEBUG;
				SWIFT_OPTIMIZATION_LEVEL = "-Onone";
			};
			name = Debug;
		};
		3A14BCC51FECA4F600102963 /* Release */ = {
			isa = XCBuildConfiguration;
			buildSettings = {
				ALWAYS_SEARCH_USER_PATHS = NO;
				CLANG_ANALYZER_NONNULL = YES;
				CLANG_ANALYZER_NUMBER_OBJECT_CONVERSION = YES_AGGRESSIVE;
				CLANG_CXX_LANGUAGE_STANDARD = "gnu++14";
				CLANG_CXX_LIBRARY = "libc++";
				CLANG_ENABLE_MODULES = YES;
				CLANG_ENABLE_OBJC_ARC = YES;
				CLANG_WARN_BLOCK_CAPTURE_AUTORELEASING = YES;
				CLANG_WARN_BOOL_CONVERSION = YES;
				CLANG_WARN_COMMA = YES;
				CLANG_WARN_CONSTANT_CONVERSION = YES;
				CLANG_WARN_DIRECT_OBJC_ISA_USAGE = YES_ERROR;
				CLANG_WARN_DOCUMENTATION_COMMENTS = YES;
				CLANG_WARN_EMPTY_BODY = YES;
				CLANG_WARN_ENUM_CONVERSION = YES;
				CLANG_WARN_INFINITE_RECURSION = YES;
				CLANG_WARN_INT_CONVERSION = YES;
				CLANG_WARN_NON_LITERAL_NULL_CONVERSION = YES;
				CLANG_WARN_OBJC_LITERAL_CONVERSION = YES;
				CLANG_WARN_OBJC_ROOT_CLASS = YES_ERROR;
				CLANG_WARN_RANGE_LOOP_ANALYSIS = YES;
				CLANG_WARN_STRICT_PROTOTYPES = YES;
				CLANG_WARN_SUSPICIOUS_MOVE = YES;
				CLANG_WARN_UNGUARDED_AVAILABILITY = YES_AGGRESSIVE;
				CLANG_WARN_UNREACHABLE_CODE = YES;
				CLANG_WARN__DUPLICATE_METHOD_MATCH = YES;
				CODE_SIGN_IDENTITY = "iPhone Developer";
				COPY_PHASE_STRIP = NO;
				DEBUG_INFORMATION_FORMAT = "dwarf-with-dsym";
				ENABLE_NS_ASSERTIONS = NO;
				ENABLE_STRICT_OBJC_MSGSEND = YES;
				GCC_C_LANGUAGE_STANDARD = gnu11;
				GCC_NO_COMMON_BLOCKS = YES;
				GCC_WARN_64_TO_32_BIT_CONVERSION = YES;
				GCC_WARN_ABOUT_RETURN_TYPE = YES_ERROR;
				GCC_WARN_UNDECLARED_SELECTOR = YES;
				GCC_WARN_UNINITIALIZED_AUTOS = YES_AGGRESSIVE;
				GCC_WARN_UNUSED_FUNCTION = YES;
				GCC_WARN_UNUSED_VARIABLE = YES;
				IPHONEOS_DEPLOYMENT_TARGET = 11.2;
				MTL_ENABLE_DEBUG_INFO = NO;
				SDKROOT = iphoneos;
				SWIFT_OPTIMIZATION_LEVEL = "-Owholemodule";
				VALIDATE_PRODUCT = YES;
			};
			name = Release;
		};
		3A14BCC71FECA4F600102963 /* Debug */ = {
			isa = XCBuildConfiguration;
			buildSettings = {
				ASSETCATALOG_COMPILER_APPICON_NAME = AppIcon;
				CODE_SIGN_STYLE = Automatic;
				DEVELOPMENT_TEAM = H7NU532BFT;
				INFOPLIST_FILE = ZTKamera/Info.plist;
				LD_RUNPATH_SEARCH_PATHS = "$(inherited) @executable_path/Frameworks";
				PRODUCT_BUNDLE_IDENTIFIER = com.tony.SnapchatMenu;
				PRODUCT_NAME = "$(TARGET_NAME)";
				SWIFT_VERSION = 4.0;
				TARGETED_DEVICE_FAMILY = "1,2";
			};
			name = Debug;
		};
		3A14BCC81FECA4F600102963 /* Release */ = {
			isa = XCBuildConfiguration;
			buildSettings = {
				ASSETCATALOG_COMPILER_APPICON_NAME = AppIcon;
				CODE_SIGN_STYLE = Automatic;
				DEVELOPMENT_TEAM = H7NU532BFT;
				INFOPLIST_FILE = ZTKamera/Info.plist;
				LD_RUNPATH_SEARCH_PATHS = "$(inherited) @executable_path/Frameworks";
				PRODUCT_BUNDLE_IDENTIFIER = com.tony.SnapchatMenu;
				PRODUCT_NAME = "$(TARGET_NAME)";
				SWIFT_VERSION = 4.0;
				TARGETED_DEVICE_FAMILY = "1,2";
			};
			name = Release;
		};
/* End XCBuildConfiguration section */

/* Begin XCConfigurationList section */
		3A14BCAF1FECA4F600102963 /* Build configuration list for PBXProject "ZTKamera" */ = {
			isa = XCConfigurationList;
			buildConfigurations = (
				3A14BCC41FECA4F600102963 /* Debug */,
				3A14BCC51FECA4F600102963 /* Release */,
			);
			defaultConfigurationIsVisible = 0;
			defaultConfigurationName = Release;
		};
		3A14BCC61FECA4F600102963 /* Build configuration list for PBXNativeTarget "ZTKamera" */ = {
			isa = XCConfigurationList;
			buildConfigurations = (
				3A14BCC71FECA4F600102963 /* Debug */,
				3A14BCC81FECA4F600102963 /* Release */,
			);
			defaultConfigurationIsVisible = 0;
			defaultConfigurationName = Release;
		};
/* End XCConfigurationList section */
	};
	rootObject = 3A14BCAC1FECA4F600102963 /* Project object */;
}
